
Microsoft Visual Studio Solution File, Format Version 12.00
# Visual Studio Version 17
VisualStudioVersion = 17.3.32804.467
MinimumVisualStudioVersion = 10.0.40219.1
Project("{9A19103F-16F7-4668-BE54-9A1E7A4F7556}") = "Backend", "Backend.csproj", "{130750DA-13D5-4FCF-802B-6099BB65BEF6}"
EndProject
Project("{9A19103F-16F7-4668-BE54-9A1E7A4F7556}") = "Tests", "..\Tests\Tests.csproj", "{D80BB43A-1AEC-4E09-AB00-20D5F6F8230F}"
EndProject
Global
	GlobalSection(SolutionConfigurationPlatforms) = preSolution
		Debug|Any CPU = Debug|Any CPU
		Release|Any CPU = Release|Any CPU
	EndGlobalSection
	GlobalSection(ProjectConfigurationPlatforms) = postSolution
		{130750DA-13D5-4FCF-802B-6099BB65BEF6}.Debug|Any CPU.ActiveCfg = Debug|Any CPU
		{130750DA-13D5-4FCF-802B-6099BB65BEF6}.Debug|Any CPU.Build.0 = Debug|Any CPU
		{130750DA-13D5-4FCF-802B-6099BB65BEF6}.Release|Any CPU.ActiveCfg = Release|Any CPU
		{130750DA-13D5-4FCF-802B-6099BB65BEF6}.Release|Any CPU.Build.0 = Release|Any CPU
		{D80BB43A-1AEC-4E09-AB00-20D5F6F8230F}.Debug|Any CPU.ActiveCfg = Debug|Any CPU
		{D80BB43A-1AEC-4E09-AB00-20D5F6F8230F}.Debug|Any CPU.Build.0 = Debug|Any CPU
		{D80BB43A-1AEC-4E09-AB00-20D5F6F8230F}.Release|Any CPU.ActiveCfg = Release|Any CPU
		{D80BB43A-1AEC-4E09-AB00-20D5F6F8230F}.Release|Any CPU.Build.0 = Release|Any CPU
	EndGlobalSection
	GlobalSection(SolutionProperties) = preSolution
		HideSolutionNode = FALSE
	EndGlobalSection
	GlobalSection(ExtensibilityGlobals) = postSolution
		SolutionGuid = {CBF32CD1-E2C9-40BB-B799-52DC05B309F8}
	EndGlobalSection
EndGlobal
